
Microsoft Visual Studio Solution File, Format Version 12.00
# Visual Studio Version 16
VisualStudioVersion = 16.0.32106.194
MinimumVisualStudioVersion = 10.0.40219.1
Project("{FAE04EC0-301F-11D3-BF4B-00C04F79EFBC}") = "Lr1", "Lr1.csproj", "{9DFEACB3-E920-41A6-9874-B55EE1B86CDE}"
EndProject
Global
	GlobalSection(SolutionConfigurationPlatforms) = preSolution
		Debug|Any CPU = Debug|Any CPU
		Release|Any CPU = Release|Any CPU
	EndGlobalSection
	GlobalSection(ProjectConfigurationPlatforms) = postSolution
		{9DFEACB3-E920-41A6-9874-B55EE1B86CDE}.Debug|Any CPU.ActiveCfg = Debug|Any CPU
		{9DFEACB3-E920-41A6-9874-B55EE1B86CDE}.Debug|Any CPU.Build.0 = Debug|Any CPU
		{9DFEACB3-E920-41A6-9874-B55EE1B86CDE}.Release|Any CPU.ActiveCfg = Release|Any CPU
		{9DFEACB3-E920-41A6-9874-B55EE1B86CDE}.Release|Any CPU.Build.0 = Release|Any CPU
	EndGlobalSection
	GlobalSection(SolutionProperties) = preSolution
		HideSolutionNode = FALSE
	EndGlobalSection
	GlobalSection(ExtensibilityGlobals) = postSolution
		SolutionGuid = {4632DBC6-69B9-44C2-84B1-5E9FC116C47C}
	EndGlobalSection
EndGlobal
