
Microsoft Visual Studio Solution File, Format Version 12.00
# Visual Studio Version 16
VisualStudioVersion = 16.0.32929.386
MinimumVisualStudioVersion = 10.0.40219.1
Project("{FAE04EC0-301F-11D3-BF4B-00C04F79EFBC}") = "Lr1", "Lr1.csproj", "{45447D1D-C272-438F-B851-8DF410159D7A}"
EndProject
Global
	GlobalSection(SolutionConfigurationPlatforms) = preSolution
		Debug|Any CPU = Debug|Any CPU
		Release|Any CPU = Release|Any CPU
	EndGlobalSection
	GlobalSection(ProjectConfigurationPlatforms) = postSolution
		{45447D1D-C272-438F-B851-8DF410159D7A}.Debug|Any CPU.ActiveCfg = Debug|Any CPU
		{45447D1D-C272-438F-B851-8DF410159D7A}.Debug|Any CPU.Build.0 = Debug|Any CPU
		{45447D1D-C272-438F-B851-8DF410159D7A}.Release|Any CPU.ActiveCfg = Release|Any CPU
		{45447D1D-C272-438F-B851-8DF410159D7A}.Release|Any CPU.Build.0 = Release|Any CPU
	EndGlobalSection
	GlobalSection(SolutionProperties) = preSolution
		HideSolutionNode = FALSE
	EndGlobalSection
	GlobalSection(ExtensibilityGlobals) = postSolution
		SolutionGuid = {746F0E38-E5E9-4011-AFF8-AF5F40518BD5}
	EndGlobalSection
EndGlobal
