
Microsoft Visual Studio Solution File, Format Version 12.00
# Visual Studio Version 16
VisualStudioVersion = 16.0.29503.13
MinimumVisualStudioVersion = 10.0.40219.1
Project("{FAE04EC0-301F-11D3-BF4B-00C04F79EFBC}") = "Laboratory7", "project7\Laboratory7.csproj", "{86BB9ECA-90F7-49E4-92B2-76086EF06656}"
EndProject
Global
	GlobalSection(SolutionConfigurationPlatforms) = preSolution
		Debug|Any CPU = Debug|Any CPU
		Release|Any CPU = Release|Any CPU
	EndGlobalSection
	GlobalSection(ProjectConfigurationPlatforms) = postSolution
		{86BB9ECA-90F7-49E4-92B2-76086EF06656}.Debug|Any CPU.ActiveCfg = Debug|Any CPU
		{86BB9ECA-90F7-49E4-92B2-76086EF06656}.Debug|Any CPU.Build.0 = Debug|Any CPU
		{86BB9ECA-90F7-49E4-92B2-76086EF06656}.Release|Any CPU.ActiveCfg = Release|Any CPU
		{86BB9ECA-90F7-49E4-92B2-76086EF06656}.Release|Any CPU.Build.0 = Release|Any CPU
	EndGlobalSection
	GlobalSection(SolutionProperties) = preSolution
		HideSolutionNode = FALSE
	EndGlobalSection
	GlobalSection(ExtensibilityGlobals) = postSolution
		SolutionGuid = {C527C7B6-B12E-42CC-B3A3-A90828968DBB}
	EndGlobalSection
EndGlobal
