
Microsoft Visual Studio Solution File, Format Version 12.00
# Visual Studio Version 16
VisualStudioVersion = 16.0.33027.164
MinimumVisualStudioVersion = 10.0.40219.1
Project("{FAE04EC0-301F-11D3-BF4B-00C04F79EFBC}") = "Lr6", "Lr6.csproj", "{04A7546A-1FBE-44B2-A6AB-39BF16512EDA}"
EndProject
Global
	GlobalSection(SolutionConfigurationPlatforms) = preSolution
		Debug|Any CPU = Debug|Any CPU
		Release|Any CPU = Release|Any CPU
	EndGlobalSection
	GlobalSection(ProjectConfigurationPlatforms) = postSolution
		{04A7546A-1FBE-44B2-A6AB-39BF16512EDA}.Debug|Any CPU.ActiveCfg = Debug|Any CPU
		{04A7546A-1FBE-44B2-A6AB-39BF16512EDA}.Debug|Any CPU.Build.0 = Debug|Any CPU
		{04A7546A-1FBE-44B2-A6AB-39BF16512EDA}.Release|Any CPU.ActiveCfg = Release|Any CPU
		{04A7546A-1FBE-44B2-A6AB-39BF16512EDA}.Release|Any CPU.Build.0 = Release|Any CPU
	EndGlobalSection
	GlobalSection(SolutionProperties) = preSolution
		HideSolutionNode = FALSE
	EndGlobalSection
	GlobalSection(ExtensibilityGlobals) = postSolution
		SolutionGuid = {4975BEC0-ECAF-422A-8B4E-18CAE4713F26}
	EndGlobalSection
EndGlobal
